
Microsoft Visual Studio Solution File, Format Version 12.00
# Visual Studio Version 16
VisualStudioVersion = 16.0.32106.194
MinimumVisualStudioVersion = 10.0.40219.1
Project("{8BC9CEB8-8B4A-11D0-8D11-00A0C91BC942}") = "Part13", "Part13\Part13.vcxproj", "{A42466F2-D845-4A5D-99C2-4C8759AD12AE}"
EndProject
Global
	GlobalSection(SolutionConfigurationPlatforms) = preSolution
		Debug|x64 = Debug|x64
		Debug|x86 = Debug|x86
		Release|x64 = Release|x64
		Release|x86 = Release|x86
	EndGlobalSection
	GlobalSection(ProjectConfigurationPlatforms) = postSolution
		{A42466F2-D845-4A5D-99C2-4C8759AD12AE}.Debug|x64.ActiveCfg = Debug|x64
		{A42466F2-D845-4A5D-99C2-4C8759AD12AE}.Debug|x64.Build.0 = Debug|x64
		{A42466F2-D845-4A5D-99C2-4C8759AD12AE}.Debug|x86.ActiveCfg = Debug|Win32
		{A42466F2-D845-4A5D-99C2-4C8759AD12AE}.Debug|x86.Build.0 = Debug|Win32
		{A42466F2-D845-4A5D-99C2-4C8759AD12AE}.Release|x64.ActiveCfg = Release|x64
		{A42466F2-D845-4A5D-99C2-4C8759AD12AE}.Release|x64.Build.0 = Release|x64
		{A42466F2-D845-4A5D-99C2-4C8759AD12AE}.Release|x86.ActiveCfg = Release|Win32
		{A42466F2-D845-4A5D-99C2-4C8759AD12AE}.Release|x86.Build.0 = Release|Win32
	EndGlobalSection
	GlobalSection(SolutionProperties) = preSolution
		HideSolutionNode = FALSE
	EndGlobalSection
	GlobalSection(ExtensibilityGlobals) = postSolution
		SolutionGuid = {90E049CE-163D-48DA-9347-7ACB2EDD8C08}
	EndGlobalSection
EndGlobal
