
Microsoft Visual Studio Solution File, Format Version 12.00
# Visual Studio Version 16
VisualStudioVersion = 16.0.32106.194
MinimumVisualStudioVersion = 10.0.40219.1
Project("{8BC9CEB8-8B4A-11D0-8D11-00A0C91BC942}") = "Part11", "Part11\Part11.vcxproj", "{80D9E2E7-9979-4DA7-B4DD-D9DCECEDF7B0}"
EndProject
Global
	GlobalSection(SolutionConfigurationPlatforms) = preSolution
		Debug|x64 = Debug|x64
		Debug|x86 = Debug|x86
		Release|x64 = Release|x64
		Release|x86 = Release|x86
	EndGlobalSection
	GlobalSection(ProjectConfigurationPlatforms) = postSolution
		{80D9E2E7-9979-4DA7-B4DD-D9DCECEDF7B0}.Debug|x64.ActiveCfg = Debug|x64
		{80D9E2E7-9979-4DA7-B4DD-D9DCECEDF7B0}.Debug|x64.Build.0 = Debug|x64
		{80D9E2E7-9979-4DA7-B4DD-D9DCECEDF7B0}.Debug|x86.ActiveCfg = Debug|Win32
		{80D9E2E7-9979-4DA7-B4DD-D9DCECEDF7B0}.Debug|x86.Build.0 = Debug|Win32
		{80D9E2E7-9979-4DA7-B4DD-D9DCECEDF7B0}.Release|x64.ActiveCfg = Release|x64
		{80D9E2E7-9979-4DA7-B4DD-D9DCECEDF7B0}.Release|x64.Build.0 = Release|x64
		{80D9E2E7-9979-4DA7-B4DD-D9DCECEDF7B0}.Release|x86.ActiveCfg = Release|Win32
		{80D9E2E7-9979-4DA7-B4DD-D9DCECEDF7B0}.Release|x86.Build.0 = Release|Win32
	EndGlobalSection
	GlobalSection(SolutionProperties) = preSolution
		HideSolutionNode = FALSE
	EndGlobalSection
	GlobalSection(ExtensibilityGlobals) = postSolution
		SolutionGuid = {3A61BB55-CC74-4C3E-BDE0-4D6B462B6B99}
	EndGlobalSection
EndGlobal
